{
  "requires": true,
  "lockfileVersion": 1,
  "dependencies": {
    "anyflow": {
      "version": "0.1.7",
      "resolved": "https://registry.npmjs.org/anyflow/-/anyflow-0.1.7.tgz",
      "integrity": "sha512-kxKXbKM1THExd0/TH76U4OF1meLvX5KsUMoV/vWC64ZmW2uuvn6aG34DZllAROVUOL9RH1RBJg/JWbU0AeRcpA=="
    }
  }
}
