{
  "requires": true,
  "lockfileVersion": 1,
  "dependencies": {
    "anyflow": {
      "version": "0.1.8",
      "resolved": "https://registry.npmjs.org/anyflow/-/anyflow-0.1.8.tgz",
      "integrity": "sha512-85qTkAMQLp6gT+ZKvW/3dlZkFwwYieHfPf8dxzOjxKgL2/OnLQAJmy4vdoTyK6S7QstJKfqO+3Q77WbaKb+z8A=="
    }
  }
}
